
Microsoft Visual Studio Solution File, Format Version 12.00
# Visual Studio 14
VisualStudioVersion = 14.0.24720.0
MinimumVisualStudioVersion = 10.0.40219.1
Project("{FAE04EC0-301F-11D3-BF4B-00C04F79EFBC}") = "WinFormClientBMI", "WinFormClientBMI\WinFormClientBMI.csproj", "{97BC715F-6608-413D-A114-22AF51FE29DD}"
EndProject
Project("{2150E333-8FDC-42A3-9474-1A3956D46DE8}") = "ClientBMI", "ClientBMI", "{7BB5315A-A683-4E9B-9B6A-DE04D1A2E597}"
EndProject
Project("{FAE04EC0-301F-11D3-BF4B-00C04F79EFBC}") = "ConsoleClientBMI", "ConsoleClientBMI\ConsoleClientBMI.csproj", "{1C5E4EDA-12A9-456F-A15D-E34FFB072B53}"
EndProject
Project("{2150E333-8FDC-42A3-9474-1A3956D46DE8}") = "ClientAge", "ClientAge", "{4F457714-7B9F-4431-8142-2C8AB90CBFC4}"
EndProject
Project("{FAE04EC0-301F-11D3-BF4B-00C04F79EFBC}") = "WinFormClientAge", "WinFormClientAge\WinFormClientAge.csproj", "{E7A56923-65E0-4E77-8684-6EE7479EA38E}"
EndProject
Project("{FAE04EC0-301F-11D3-BF4B-00C04F79EFBC}") = "ConsoleClientAge", "ConsoleClientAge\ConsoleClientAge.csproj", "{F9938E01-1E2D-4F55-9E5B-770EE94A079D}"
EndProject
Project("{2150E333-8FDC-42A3-9474-1A3956D46DE8}") = "ClientDays", "ClientDays", "{2457F2CD-D8A2-4504-93F2-66CBDCB0B98D}"
EndProject
Project("{FAE04EC0-301F-11D3-BF4B-00C04F79EFBC}") = "WinFormClientDays", "WinFormClientDays\WinFormClientDays.csproj", "{C2F2B8C6-768C-45E0-8FE6-86B1528EB5AD}"
EndProject
Project("{FAE04EC0-301F-11D3-BF4B-00C04F79EFBC}") = "ConsoleClientDays", "ConsoleClientDays\ConsoleClientDays.csproj", "{4969D2B9-03DE-4C3B-ACBF-975A0BDC4FD2}"
EndProject
Project("{2150E333-8FDC-42A3-9474-1A3956D46DE8}") = "ClientWords", "ClientWords", "{30D45D20-D18B-459E-9983-1549C6A0A7A0}"
EndProject
Project("{FAE04EC0-301F-11D3-BF4B-00C04F79EFBC}") = "WinFormsClientWords", "WinFormsClientWords\WinFormsClientWords.csproj", "{0141D317-D149-4CD0-8ADA-AE6C0BBB303A}"
EndProject
Project("{FAE04EC0-301F-11D3-BF4B-00C04F79EFBC}") = "ConsoleClientWords", "ConsoleClientWords\ConsoleClientWords.csproj", "{ED2002AB-7DB5-4669-ADBB-43922ADDA09F}"
EndProject
Global
	GlobalSection(SolutionConfigurationPlatforms) = preSolution
		Debug|Any CPU = Debug|Any CPU
		Release|Any CPU = Release|Any CPU
	EndGlobalSection
	GlobalSection(ProjectConfigurationPlatforms) = postSolution
		{97BC715F-6608-413D-A114-22AF51FE29DD}.Debug|Any CPU.ActiveCfg = Debug|Any CPU
		{97BC715F-6608-413D-A114-22AF51FE29DD}.Debug|Any CPU.Build.0 = Debug|Any CPU
		{97BC715F-6608-413D-A114-22AF51FE29DD}.Release|Any CPU.ActiveCfg = Release|Any CPU
		{97BC715F-6608-413D-A114-22AF51FE29DD}.Release|Any CPU.Build.0 = Release|Any CPU
		{1C5E4EDA-12A9-456F-A15D-E34FFB072B53}.Debug|Any CPU.ActiveCfg = Debug|Any CPU
		{1C5E4EDA-12A9-456F-A15D-E34FFB072B53}.Debug|Any CPU.Build.0 = Debug|Any CPU
		{1C5E4EDA-12A9-456F-A15D-E34FFB072B53}.Release|Any CPU.ActiveCfg = Release|Any CPU
		{1C5E4EDA-12A9-456F-A15D-E34FFB072B53}.Release|Any CPU.Build.0 = Release|Any CPU
		{E7A56923-65E0-4E77-8684-6EE7479EA38E}.Debug|Any CPU.ActiveCfg = Debug|Any CPU
		{E7A56923-65E0-4E77-8684-6EE7479EA38E}.Debug|Any CPU.Build.0 = Debug|Any CPU
		{E7A56923-65E0-4E77-8684-6EE7479EA38E}.Release|Any CPU.ActiveCfg = Release|Any CPU
		{E7A56923-65E0-4E77-8684-6EE7479EA38E}.Release|Any CPU.Build.0 = Release|Any CPU
		{F9938E01-1E2D-4F55-9E5B-770EE94A079D}.Debug|Any CPU.ActiveCfg = Debug|Any CPU
		{F9938E01-1E2D-4F55-9E5B-770EE94A079D}.Debug|Any CPU.Build.0 = Debug|Any CPU
		{F9938E01-1E2D-4F55-9E5B-770EE94A079D}.Release|Any CPU.ActiveCfg = Release|Any CPU
		{F9938E01-1E2D-4F55-9E5B-770EE94A079D}.Release|Any CPU.Build.0 = Release|Any CPU
		{C2F2B8C6-768C-45E0-8FE6-86B1528EB5AD}.Debug|Any CPU.ActiveCfg = Debug|Any CPU
		{C2F2B8C6-768C-45E0-8FE6-86B1528EB5AD}.Debug|Any CPU.Build.0 = Debug|Any CPU
		{C2F2B8C6-768C-45E0-8FE6-86B1528EB5AD}.Release|Any CPU.ActiveCfg = Release|Any CPU
		{C2F2B8C6-768C-45E0-8FE6-86B1528EB5AD}.Release|Any CPU.Build.0 = Release|Any CPU
		{4969D2B9-03DE-4C3B-ACBF-975A0BDC4FD2}.Debug|Any CPU.ActiveCfg = Debug|Any CPU
		{4969D2B9-03DE-4C3B-ACBF-975A0BDC4FD2}.Debug|Any CPU.Build.0 = Debug|Any CPU
		{4969D2B9-03DE-4C3B-ACBF-975A0BDC4FD2}.Release|Any CPU.ActiveCfg = Release|Any CPU
		{4969D2B9-03DE-4C3B-ACBF-975A0BDC4FD2}.Release|Any CPU.Build.0 = Release|Any CPU
		{0141D317-D149-4CD0-8ADA-AE6C0BBB303A}.Debug|Any CPU.ActiveCfg = Debug|Any CPU
		{0141D317-D149-4CD0-8ADA-AE6C0BBB303A}.Debug|Any CPU.Build.0 = Debug|Any CPU
		{0141D317-D149-4CD0-8ADA-AE6C0BBB303A}.Release|Any CPU.ActiveCfg = Release|Any CPU
		{0141D317-D149-4CD0-8ADA-AE6C0BBB303A}.Release|Any CPU.Build.0 = Release|Any CPU
		{ED2002AB-7DB5-4669-ADBB-43922ADDA09F}.Debug|Any CPU.ActiveCfg = Debug|Any CPU
		{ED2002AB-7DB5-4669-ADBB-43922ADDA09F}.Debug|Any CPU.Build.0 = Debug|Any CPU
		{ED2002AB-7DB5-4669-ADBB-43922ADDA09F}.Release|Any CPU.ActiveCfg = Release|Any CPU
		{ED2002AB-7DB5-4669-ADBB-43922ADDA09F}.Release|Any CPU.Build.0 = Release|Any CPU
	EndGlobalSection
	GlobalSection(SolutionProperties) = preSolution
		HideSolutionNode = FALSE
	EndGlobalSection
	GlobalSection(NestedProjects) = preSolution
		{97BC715F-6608-413D-A114-22AF51FE29DD} = {7BB5315A-A683-4E9B-9B6A-DE04D1A2E597}
		{1C5E4EDA-12A9-456F-A15D-E34FFB072B53} = {7BB5315A-A683-4E9B-9B6A-DE04D1A2E597}
		{E7A56923-65E0-4E77-8684-6EE7479EA38E} = {4F457714-7B9F-4431-8142-2C8AB90CBFC4}
		{F9938E01-1E2D-4F55-9E5B-770EE94A079D} = {4F457714-7B9F-4431-8142-2C8AB90CBFC4}
		{C2F2B8C6-768C-45E0-8FE6-86B1528EB5AD} = {2457F2CD-D8A2-4504-93F2-66CBDCB0B98D}
		{4969D2B9-03DE-4C3B-ACBF-975A0BDC4FD2} = {2457F2CD-D8A2-4504-93F2-66CBDCB0B98D}
		{0141D317-D149-4CD0-8ADA-AE6C0BBB303A} = {30D45D20-D18B-459E-9983-1549C6A0A7A0}
		{ED2002AB-7DB5-4669-ADBB-43922ADDA09F} = {30D45D20-D18B-459E-9983-1549C6A0A7A0}
	EndGlobalSection
EndGlobal
